<?xml version="1.0" encoding="utf-8"?>
<Project ToolsVersion="4.0" xmlns="http://schemas.microsoft.com/developer/msbuild/2003">
  <ItemGroup>
    <Filter Include="bbox">
      <UniqueIdentifier>{15C15051-6492-5DE2-8DD0-A0D937007DCC}</UniqueIdentifier>
    </Filter>
    <Filter Include="bbox\http">
      <UniqueIdentifier>{A6347DDA-9856-50C0-AFAB-11AB8F5FAA87}</UniqueIdentifier>
    </Filter>
    <Filter Include="bbox\http\debug">
      <UniqueIdentifier>{955A2D39-3634-58F1-BA30-0ACD2C0B89B5}</UniqueIdentifier>
    </Filter>
    <Filter Include="bbox\http\debug\api">
      <UniqueIdentifier>{8000BD7E-229D-577D-841B-9A41451E27DA}</UniqueIdentifier>
    </Filter>
  </ItemGroup>
  <ItemGroup>
    <ClCompile Include="bbox\http\debug\HttpDebugWebsite.cpp">
      <Filter>bbox\http\debug</Filter>
    </ClCompile>
    <ClCompile Include="bbox\http\debug\Resources.cpp">
      <Filter>bbox\http\debug</Filter>
    </ClCompile>
    <ClCompile Include="bbox\http\debug\api\ChildEntry.cpp">
      <Filter>bbox\http\debug\api</Filter>
    </ClCompile>
    <ClCompile Include="bbox\http\debug\api\DebugReport.cpp">
      <Filter>bbox\http\debug\api</Filter>
    </ClCompile>
    <ClCompile Include="bbox\http\debug\api\QueryResultEntry.cpp">
      <Filter>bbox\http\debug\api</Filter>
    </ClCompile>
  </ItemGroup>
  <ItemGroup>
    <ClInclude Include="bbox\http\debug\HttpDebugWebsite.h">
      <Filter>bbox\http\debug</Filter>
    </ClInclude>
    <ClInclude Include="bbox\http\debug\Resources.h">
      <Filter>bbox\http\debug</Filter>
    </ClInclude>
    <ClInclude Include="bbox\http\debug\api\ChildEntry.h">
      <Filter>bbox\http\debug\api</Filter>
    </ClInclude>
    <ClInclude Include="bbox\http\debug\api\DebugReport.h">
      <Filter>bbox\http\debug\api</Filter>
    </ClInclude>
    <ClInclude Include="bbox\http\debug\api\QueryResultEntry.h">
      <Filter>bbox\http\debug\api</Filter>
    </ClInclude>
  </ItemGroup>
  <ItemGroup>
    <CustomBuild Include="bbox\http\debug\resources\debug\app.css">
      <Filter>bbox\http\debug\resources\debug</Filter>
    </CustomBuild>
    <CustomBuild Include="bbox\http\debug\resources\debug\app.js">
      <Filter>bbox\http\debug\resources\debug</Filter>
    </CustomBuild>
    <CustomBuild Include="bbox\http\debug\resources\debug\index.html">
      <Filter>bbox\http\debug\resources\debug</Filter>
    </CustomBuild>
  </ItemGroup>
  <ItemGroup>
    <None Include="BBoxHttpDebug.bbmake" />
  </ItemGroup>
</Project>
