<?xml version="1.0" encoding="utf-8"?>
<Project ToolsVersion="4.0" xmlns="http://schemas.microsoft.com/developer/msbuild/2003">
  <ItemGroup>
    <Filter Include="bbox">
      <UniqueIdentifier>{15C15051-6492-5DE2-8DD0-A0D937007DCC}</UniqueIdentifier>
    </Filter>
    <Filter Include="bbox\http">
      <UniqueIdentifier>{A6347DDA-9856-50C0-AFAB-11AB8F5FAA87}</UniqueIdentifier>
    </Filter>
    <Filter Include="bbox\http\debug">
      <UniqueIdentifier>{955A2D39-3634-58F1-BA30-0ACD2C0B89B5}</UniqueIdentifier>
    </Filter>
    <Filter Include="bbox\http\debug\msgs">
      <UniqueIdentifier>{99B8C881-4A48-54C9-A62B-E62B04A1CA9B}</UniqueIdentifier>
    </Filter>
  </ItemGroup>
  <ItemGroup>
    <ClCompile Include="bbox\http\debug\HttpDebugWebsite.cpp">
      <Filter>bbox\http\debug</Filter>
    </ClCompile>
    <ClCompile Include="bbox\http\debug\Resources.cpp">
      <Filter>bbox\http\debug</Filter>
    </ClCompile>
    <ClCompile Include="bbox\http\debug\msgs\DebugReportNotification.cpp">
      <Filter>bbox\http\debug\msgs</Filter>
    </ClCompile>
    <ClCompile Include="bbox\http\debug\msgs\EnableRequest.cpp">
      <Filter>bbox\http\debug\msgs</Filter>
    </ClCompile>
    <ClCompile Include="bbox\http\debug\msgs\QueryRequest.cpp">
      <Filter>bbox\http\debug\msgs</Filter>
    </ClCompile>
    <ClCompile Include="bbox\http\debug\msgs\QueryResponse.cpp">
      <Filter>bbox\http\debug\msgs</Filter>
    </ClCompile>
    <ClCompile Include="bbox\http\debug\msgs\QueryResponseChild.cpp">
      <Filter>bbox\http\debug\msgs</Filter>
    </ClCompile>
    <ClCompile Include="bbox\http\debug\msgs\QueryResponseEntry.cpp">
      <Filter>bbox\http\debug\msgs</Filter>
    </ClCompile>
  </ItemGroup>
  <ItemGroup>
    <ResourceCompile Include="bbox\http\debug\Resources.rc">
      <Filter>bbox\http\debug</Filter>
    </ResourceCompile>
  </ItemGroup>
  <ItemGroup>
    <ClInclude Include="bbox\http\debug\HttpDebugWebsite.h">
      <Filter>bbox\http\debug</Filter>
    </ClInclude>
    <ClInclude Include="bbox\http\debug\Resources.h">
      <Filter>bbox\http\debug</Filter>
    </ClInclude>
    <ClInclude Include="bbox\http\debug\msgs\DebugReportNotification.h">
      <Filter>bbox\http\debug\msgs</Filter>
    </ClInclude>
    <ClInclude Include="bbox\http\debug\msgs\EnableRequest.h">
      <Filter>bbox\http\debug\msgs</Filter>
    </ClInclude>
    <ClInclude Include="bbox\http\debug\msgs\QueryRequest.h">
      <Filter>bbox\http\debug\msgs</Filter>
    </ClInclude>
    <ClInclude Include="bbox\http\debug\msgs\QueryResponse.h">
      <Filter>bbox\http\debug\msgs</Filter>
    </ClInclude>
    <ClInclude Include="bbox\http\debug\msgs\QueryResponseChild.h">
      <Filter>bbox\http\debug\msgs</Filter>
    </ClInclude>
    <ClInclude Include="bbox\http\debug\msgs\QueryResponseEntry.h">
      <Filter>bbox\http\debug\msgs</Filter>
    </ClInclude>
  </ItemGroup>
  <ItemGroup>
    <CustomBuild Include="..\Web\app.css">
      <Filter>..\Web</Filter>
    </CustomBuild>
    <CustomBuild Include="..\Web\app.js">
      <Filter>..\Web</Filter>
    </CustomBuild>
    <CustomBuild Include="..\Web\index.html">
      <Filter>..\Web</Filter>
    </CustomBuild>
  </ItemGroup>
  <ItemGroup>
    <None Include="BBoxHttpDebug.bbmake" />
  </ItemGroup>
</Project>
