<?xml version="1.0" encoding="utf-8"?>
<Project ToolsVersion="4.0" xmlns="http://schemas.microsoft.com/developer/msbuild/2003">
  <ItemGroup>
    <Filter Include="mn">
      <UniqueIdentifier>{1133FC09-069B-565C-9D61-427CC4025328}</UniqueIdentifier>
    </Filter>
  </ItemGroup>
  <ItemGroup>
    <ClCompile Include="mn\Application.cpp">
      <Filter>mn</Filter>
    </ClCompile>
    <ClCompile Include="mn\EmulatorJoystick.cpp">
      <Filter>mn</Filter>
    </ClCompile>
    <ClCompile Include="mn\EmulatorRunner.cpp">
      <Filter>mn</Filter>
    </ClCompile>
    <ClCompile Include="mn\MessageWebSocket.cpp">
      <Filter>mn</Filter>
    </ClCompile>
    <ClCompile Include="mn\Resources.cpp">
      <Filter>mn</Filter>
    </ClCompile>
  </ItemGroup>
  <ItemGroup>
    <ResourceCompile Include="mn\Resources.rc">
      <Filter>mn</Filter>
    </ResourceCompile>
  </ItemGroup>
  <ItemGroup>
    <ClInclude Include="mn\Application.h">
      <Filter>mn</Filter>
    </ClInclude>
    <ClInclude Include="mn\EmulatorJoystick.h">
      <Filter>mn</Filter>
    </ClInclude>
    <ClInclude Include="mn\EmulatorRunner.h">
      <Filter>mn</Filter>
    </ClInclude>
    <ClInclude Include="mn\MessageWebSocket.h">
      <Filter>mn</Filter>
    </ClInclude>
    <ClInclude Include="mn\Resources.h">
      <Filter>mn</Filter>
    </ClInclude>
  </ItemGroup>
  <ItemGroup>
    <None Include="MiamiNights.bbmake" />
  </ItemGroup>
</Project>
