Microsoft Visual Studio Solution File, Format Version 12.00
# Visual Studio 15
VisualStudioVersion = 15.8.28010.2003
MinimumVisualStudioVersion = 10.0.40219.1
Project("{8BC9CEB8-8B4A-11D0-8D11-00A0C91BC942}") = "BBoxAudio", "BBoxAudio\BBoxAudio.vcxproj", "{BD051FAA-7E64-5442-A2FF-C9E9097AB00B}"
EndProject
Project("{8BC9CEB8-8B4A-11D0-8D11-00A0C91BC942}") = "BBoxEnc", "BBoxEnc\BBoxEnc.vcxproj", "{FD7C126F-E433-5228-B563-110342C677E8}"
EndProject
Project("{8BC9CEB8-8B4A-11D0-8D11-00A0C91BC942}") = "BBoxEnc_UnitTests", "BBoxEnc_UnitTests\BBoxEnc_UnitTests.vcxproj", "{9C1FBCCD-FE6C-5F9A-BA79-121ACB9E792A}"
EndProject
Project("{8BC9CEB8-8B4A-11D0-8D11-00A0C91BC942}") = "BBoxHttp", "BBoxHttp\BBoxHttp.vcxproj", "{94E68944-90D0-543B-9A4D-2BAE05CC7972}"
EndProject
Project("{8BC9CEB8-8B4A-11D0-8D11-00A0C91BC942}") = "BBoxHttpDebug", "BBoxHttpDebug\Lib\BBoxHttpDebug.vcxproj", "{8B0EFE8E-D4B6-5CC5-80FD-EA7D1D8CB534}"
	ProjectSection(ProjectDependencies) = postProject
		{2E3D7908-3B22-5066-8D22-65C4142C2C3A} = {2E3D7908-3B22-5066-8D22-65C4142C2C3A}
	EndProjectSection
EndProject
Project("{FAE04EC0-301F-11D3-BF4B-00C04F79EFBC}") = "BBoxHttpDebugWebsite", "BBoxHttpDebug\Web\BBoxHttpDebugWebsite.csproj", "{9690C8A2-643B-5C1D-86D6-6682B6D1CEED}"
EndProject
Project("{8BC9CEB8-8B4A-11D0-8D11-00A0C91BC942}") = "BBoxRt", "BBoxRt\BBoxRt.vcxproj", "{F6D25D50-21C7-5DFC-A148-444BAC7B011E}"
EndProject
Project("{8BC9CEB8-8B4A-11D0-8D11-00A0C91BC942}") = "BBoxRt_UnitTests", "BBoxRt_UnitTests\BBoxRt_UnitTests.vcxproj", "{7C7CD1B6-F8C8-55F7-8D2C-4BAB5AB5C364}"
EndProject
Project("{8BC9CEB8-8B4A-11D0-8D11-00A0C91BC942}") = "BBoxUtils", "BBoxUtils\BBoxUtils.vcxproj", "{20DD0248-AD74-5731-8E99-0786A8D4A61E}"
EndProject
Project("{8BC9CEB8-8B4A-11D0-8D11-00A0C91BC942}") = "BBoxUtils_UnitTests", "BBoxUtils_UnitTests\BBoxUtils_UnitTests.vcxproj", "{AF1E064C-D6E6-59A9-B370-E6CF85E8E642}"
EndProject
Project("{8BC9CEB8-8B4A-11D0-8D11-00A0C91BC942}") = "CampLight", "Applications\CampLight\CampLight.vcxproj", "{B2CED24E-13FA-5837-B34E-2D40869FD491}"
	ProjectSection(ProjectDependencies) = postProject
		{2E3D7908-3B22-5066-8D22-65C4142C2C3A} = {2E3D7908-3B22-5066-8D22-65C4142C2C3A}
	EndProjectSection
EndProject
Project("{FAE04EC0-301F-11D3-BF4B-00C04F79EFBC}") = "CampLightWeb", "Applications\CampLightWeb\CampLightWeb.csproj", "{C8C31F14-925A-5956-BC52-6039C87A4FFB}"
EndProject
Project("{8BC9CEB8-8B4A-11D0-8D11-00A0C91BC942}") = "FastNoise", "ThirdParty\FastNoise\FastNoise.vcxproj", "{B12833EB-8D29-5A2B-A4C6-562B12291609}"
EndProject
Project("{8BC9CEB8-8B4A-11D0-8D11-00A0C91BC942}") = "LedSigns", "Applications\LedSigns\LedSigns.vcxproj", "{030B8148-8A8F-5EC4-9F67-D538E9388EB3}"
EndProject
Project("{8BC9CEB8-8B4A-11D0-8D11-00A0C91BC942}") = "LibLeds", "Applications\LibLeds\LibLeds.vcxproj", "{EED14378-C54B-52B9-A476-2582BAA8C6E1}"
EndProject
Project("{8BC9CEB8-8B4A-11D0-8D11-00A0C91BC942}") = "Lua", "ThirdParty\Lua\Lua.vcxproj", "{65897D7D-88BF-5CC2-9D17-07D79D9500F0}"
EndProject
Project("{8BC9CEB8-8B4A-11D0-8D11-00A0C91BC942}") = "LuaCpp", "LuaCpp\LuaCpp.vcxproj", "{5B0390B8-7D17-5B7A-A2D7-DA33C2BF79F0}"
EndProject
Project("{8BC9CEB8-8B4A-11D0-8D11-00A0C91BC942}") = "MiamiNights", "Applications\MiamiNights\MiamiNights.vcxproj", "{AD8B813D-EE36-509A-BACE-5E3295195692}"
	ProjectSection(ProjectDependencies) = postProject
		{38DA7233-1807-5DC5-9C2B-5EC162CD8600} = {38DA7233-1807-5DC5-9C2B-5EC162CD8600}
		{2E3D7908-3B22-5066-8D22-65C4142C2C3A} = {2E3D7908-3B22-5066-8D22-65C4142C2C3A}
	EndProjectSection
EndProject
Project("{FAE04EC0-301F-11D3-BF4B-00C04F79EFBC}") = "MiamiNightsWeb", "Applications\MiamiNightsWeb\MiamiNightsWeb.csproj", "{38DA7233-1807-5DC5-9C2B-5EC162CD8600}"
EndProject
Project("{8BC9CEB8-8B4A-11D0-8D11-00A0C91BC942}") = "ResourceBuilder", "ResourceBuilder\ResourceBuilder.vcxproj", "{2E3D7908-3B22-5066-8D22-65C4142C2C3A}"
EndProject
Project("{8BC9CEB8-8B4A-11D0-8D11-00A0C91BC942}") = "Snappy", "ThirdParty\Snappy\Snappy.vcxproj", "{3B638CF4-8151-575B-9584-C5953DCAE9CE}"
EndProject
Project("{8BC9CEB8-8B4A-11D0-8D11-00A0C91BC942}") = "SolutionGenerator", "SolutionGenerator\SolutionGenerator.vcxproj", "{C977BC7D-F251-5171-8164-6E0871FDFBFA}"
EndProject
Project("{8BC9CEB8-8B4A-11D0-8D11-00A0C91BC942}") = "TinyXml2", "ThirdParty\TinyXml2\TinyXml2.vcxproj", "{BB30376C-3E29-569C-93A6-4982CAF78C9D}"
EndProject
Project("{FAE04EC0-301F-11D3-BF4B-00C04F79EFBC}") = "TypeScript_UnitTests", "TypeScript_UnitTests\TypeScript_UnitTests.csproj", "{98C82821-EAF4-584C-B9B5-146A31A36B6F}"
EndProject
Project("{8BC9CEB8-8B4A-11D0-8D11-00A0C91BC942}") = "UnitTest", "UnitTest\UnitTest.vcxproj", "{935245CA-3A4E-52A2-A269-2C388A93606E}"
EndProject
Project("{8BC9CEB8-8B4A-11D0-8D11-00A0C91BC942}") = "boost", "ThirdParty\boost\boost.vcxproj", "{0CB72908-1FF3-5AB9-952F-59DA60B7B782}"
EndProject
Project("{8BC9CEB8-8B4A-11D0-8D11-00A0C91BC942}") = "json", "ThirdParty\json\json.vcxproj", "{4F72EBAD-7B47-5980-B03C-E9690122F135}"
EndProject
Global
	GlobalSection(SolutionConfigurationPlatforms) = preSolution
		Debug|Any CPU = Debug|Any CPU
		Debug|x64 = Debug|x64
		Release|Any CPU = Release|Any CPU
		Release|x64 = Release|x64
	EndGlobalSection
	GlobalSection(ProjectConfigurationPlatforms) = postSolution
		{BD051FAA-7E64-5442-A2FF-C9E9097AB00B}.Debug|Any CPU.ActiveCfg = Debug|x64
		{BD051FAA-7E64-5442-A2FF-C9E9097AB00B}.Debug|x64.ActiveCfg = Debug|x64
		{BD051FAA-7E64-5442-A2FF-C9E9097AB00B}.Debug|x64.Build.0 = Debug|x64
		{BD051FAA-7E64-5442-A2FF-C9E9097AB00B}.Release|Any CPU.ActiveCfg = Release|x64
		{BD051FAA-7E64-5442-A2FF-C9E9097AB00B}.Release|x64.ActiveCfg = Release|x64
		{BD051FAA-7E64-5442-A2FF-C9E9097AB00B}.Release|x64.Build.0 = Release|x64
		{FD7C126F-E433-5228-B563-110342C677E8}.Debug|Any CPU.ActiveCfg = Debug|x64
		{FD7C126F-E433-5228-B563-110342C677E8}.Debug|x64.ActiveCfg = Debug|x64
		{FD7C126F-E433-5228-B563-110342C677E8}.Debug|x64.Build.0 = Debug|x64
		{FD7C126F-E433-5228-B563-110342C677E8}.Release|Any CPU.ActiveCfg = Release|x64
		{FD7C126F-E433-5228-B563-110342C677E8}.Release|x64.ActiveCfg = Release|x64
		{FD7C126F-E433-5228-B563-110342C677E8}.Release|x64.Build.0 = Release|x64
		{9C1FBCCD-FE6C-5F9A-BA79-121ACB9E792A}.Debug|Any CPU.ActiveCfg = Debug|x64
		{9C1FBCCD-FE6C-5F9A-BA79-121ACB9E792A}.Debug|x64.ActiveCfg = Debug|x64
		{9C1FBCCD-FE6C-5F9A-BA79-121ACB9E792A}.Debug|x64.Build.0 = Debug|x64
		{9C1FBCCD-FE6C-5F9A-BA79-121ACB9E792A}.Release|Any CPU.ActiveCfg = Release|x64
		{9C1FBCCD-FE6C-5F9A-BA79-121ACB9E792A}.Release|x64.ActiveCfg = Release|x64
		{9C1FBCCD-FE6C-5F9A-BA79-121ACB9E792A}.Release|x64.Build.0 = Release|x64
		{94E68944-90D0-543B-9A4D-2BAE05CC7972}.Debug|Any CPU.ActiveCfg = Debug|x64
		{94E68944-90D0-543B-9A4D-2BAE05CC7972}.Debug|x64.ActiveCfg = Debug|x64
		{94E68944-90D0-543B-9A4D-2BAE05CC7972}.Debug|x64.Build.0 = Debug|x64
		{94E68944-90D0-543B-9A4D-2BAE05CC7972}.Release|Any CPU.ActiveCfg = Release|x64
		{94E68944-90D0-543B-9A4D-2BAE05CC7972}.Release|x64.ActiveCfg = Release|x64
		{94E68944-90D0-543B-9A4D-2BAE05CC7972}.Release|x64.Build.0 = Release|x64
		{8B0EFE8E-D4B6-5CC5-80FD-EA7D1D8CB534}.Debug|Any CPU.ActiveCfg = Debug|x64
		{8B0EFE8E-D4B6-5CC5-80FD-EA7D1D8CB534}.Debug|x64.ActiveCfg = Debug|x64
		{8B0EFE8E-D4B6-5CC5-80FD-EA7D1D8CB534}.Debug|x64.Build.0 = Debug|x64
		{8B0EFE8E-D4B6-5CC5-80FD-EA7D1D8CB534}.Release|Any CPU.ActiveCfg = Release|x64
		{8B0EFE8E-D4B6-5CC5-80FD-EA7D1D8CB534}.Release|x64.ActiveCfg = Release|x64
		{8B0EFE8E-D4B6-5CC5-80FD-EA7D1D8CB534}.Release|x64.Build.0 = Release|x64
		{9690C8A2-643B-5C1D-86D6-6682B6D1CEED}.Debug|Any CPU.ActiveCfg = Debug|Any CPU
		{9690C8A2-643B-5C1D-86D6-6682B6D1CEED}.Debug|Any CPU.Build.0 = Debug|Any CPU
		{9690C8A2-643B-5C1D-86D6-6682B6D1CEED}.Debug|x64.ActiveCfg = Debug|Any CPU
		{9690C8A2-643B-5C1D-86D6-6682B6D1CEED}.Debug|x64.Build.0 = Debug|Any CPU
		{9690C8A2-643B-5C1D-86D6-6682B6D1CEED}.Release|Any CPU.ActiveCfg = Release|Any CPU
		{9690C8A2-643B-5C1D-86D6-6682B6D1CEED}.Release|Any CPU.Build.0 = Release|Any CPU
		{9690C8A2-643B-5C1D-86D6-6682B6D1CEED}.Release|x64.ActiveCfg = Release|Any CPU
		{9690C8A2-643B-5C1D-86D6-6682B6D1CEED}.Release|x64.Build.0 = Release|Any CPU
		{F6D25D50-21C7-5DFC-A148-444BAC7B011E}.Debug|Any CPU.ActiveCfg = Debug|x64
		{F6D25D50-21C7-5DFC-A148-444BAC7B011E}.Debug|x64.ActiveCfg = Debug|x64
		{F6D25D50-21C7-5DFC-A148-444BAC7B011E}.Debug|x64.Build.0 = Debug|x64
		{F6D25D50-21C7-5DFC-A148-444BAC7B011E}.Release|Any CPU.ActiveCfg = Release|x64
		{F6D25D50-21C7-5DFC-A148-444BAC7B011E}.Release|x64.ActiveCfg = Release|x64
		{F6D25D50-21C7-5DFC-A148-444BAC7B011E}.Release|x64.Build.0 = Release|x64
		{7C7CD1B6-F8C8-55F7-8D2C-4BAB5AB5C364}.Debug|Any CPU.ActiveCfg = Debug|x64
		{7C7CD1B6-F8C8-55F7-8D2C-4BAB5AB5C364}.Debug|x64.ActiveCfg = Debug|x64
		{7C7CD1B6-F8C8-55F7-8D2C-4BAB5AB5C364}.Debug|x64.Build.0 = Debug|x64
		{7C7CD1B6-F8C8-55F7-8D2C-4BAB5AB5C364}.Release|Any CPU.ActiveCfg = Release|x64
		{7C7CD1B6-F8C8-55F7-8D2C-4BAB5AB5C364}.Release|x64.ActiveCfg = Release|x64
		{7C7CD1B6-F8C8-55F7-8D2C-4BAB5AB5C364}.Release|x64.Build.0 = Release|x64
		{20DD0248-AD74-5731-8E99-0786A8D4A61E}.Debug|Any CPU.ActiveCfg = Debug|x64
		{20DD0248-AD74-5731-8E99-0786A8D4A61E}.Debug|x64.ActiveCfg = Debug|x64
		{20DD0248-AD74-5731-8E99-0786A8D4A61E}.Debug|x64.Build.0 = Debug|x64
		{20DD0248-AD74-5731-8E99-0786A8D4A61E}.Release|Any CPU.ActiveCfg = Release|x64
		{20DD0248-AD74-5731-8E99-0786A8D4A61E}.Release|x64.ActiveCfg = Release|x64
		{20DD0248-AD74-5731-8E99-0786A8D4A61E}.Release|x64.Build.0 = Release|x64
		{AF1E064C-D6E6-59A9-B370-E6CF85E8E642}.Debug|Any CPU.ActiveCfg = Debug|x64
		{AF1E064C-D6E6-59A9-B370-E6CF85E8E642}.Debug|x64.ActiveCfg = Debug|x64
		{AF1E064C-D6E6-59A9-B370-E6CF85E8E642}.Debug|x64.Build.0 = Debug|x64
		{AF1E064C-D6E6-59A9-B370-E6CF85E8E642}.Release|Any CPU.ActiveCfg = Release|x64
		{AF1E064C-D6E6-59A9-B370-E6CF85E8E642}.Release|x64.ActiveCfg = Release|x64
		{AF1E064C-D6E6-59A9-B370-E6CF85E8E642}.Release|x64.Build.0 = Release|x64
		{B2CED24E-13FA-5837-B34E-2D40869FD491}.Debug|Any CPU.ActiveCfg = Debug|x64
		{B2CED24E-13FA-5837-B34E-2D40869FD491}.Debug|x64.ActiveCfg = Debug|x64
		{B2CED24E-13FA-5837-B34E-2D40869FD491}.Debug|x64.Build.0 = Debug|x64
		{B2CED24E-13FA-5837-B34E-2D40869FD491}.Release|Any CPU.ActiveCfg = Release|x64
		{B2CED24E-13FA-5837-B34E-2D40869FD491}.Release|x64.ActiveCfg = Release|x64
		{B2CED24E-13FA-5837-B34E-2D40869FD491}.Release|x64.Build.0 = Release|x64
		{C8C31F14-925A-5956-BC52-6039C87A4FFB}.Debug|Any CPU.ActiveCfg = Debug|Any CPU
		{C8C31F14-925A-5956-BC52-6039C87A4FFB}.Debug|Any CPU.Build.0 = Debug|Any CPU
		{C8C31F14-925A-5956-BC52-6039C87A4FFB}.Debug|x64.ActiveCfg = Debug|Any CPU
		{C8C31F14-925A-5956-BC52-6039C87A4FFB}.Debug|x64.Build.0 = Debug|Any CPU
		{C8C31F14-925A-5956-BC52-6039C87A4FFB}.Release|Any CPU.ActiveCfg = Release|Any CPU
		{C8C31F14-925A-5956-BC52-6039C87A4FFB}.Release|Any CPU.Build.0 = Release|Any CPU
		{C8C31F14-925A-5956-BC52-6039C87A4FFB}.Release|x64.ActiveCfg = Release|Any CPU
		{C8C31F14-925A-5956-BC52-6039C87A4FFB}.Release|x64.Build.0 = Release|Any CPU
		{B12833EB-8D29-5A2B-A4C6-562B12291609}.Debug|Any CPU.ActiveCfg = Debug|x64
		{B12833EB-8D29-5A2B-A4C6-562B12291609}.Debug|x64.ActiveCfg = Debug|x64
		{B12833EB-8D29-5A2B-A4C6-562B12291609}.Debug|x64.Build.0 = Debug|x64
		{B12833EB-8D29-5A2B-A4C6-562B12291609}.Release|Any CPU.ActiveCfg = Release|x64
		{B12833EB-8D29-5A2B-A4C6-562B12291609}.Release|x64.ActiveCfg = Release|x64
		{B12833EB-8D29-5A2B-A4C6-562B12291609}.Release|x64.Build.0 = Release|x64
		{030B8148-8A8F-5EC4-9F67-D538E9388EB3}.Debug|Any CPU.ActiveCfg = Debug|x64
		{030B8148-8A8F-5EC4-9F67-D538E9388EB3}.Debug|x64.ActiveCfg = Debug|x64
		{030B8148-8A8F-5EC4-9F67-D538E9388EB3}.Debug|x64.Build.0 = Debug|x64
		{030B8148-8A8F-5EC4-9F67-D538E9388EB3}.Release|Any CPU.ActiveCfg = Release|x64
		{030B8148-8A8F-5EC4-9F67-D538E9388EB3}.Release|x64.ActiveCfg = Release|x64
		{030B8148-8A8F-5EC4-9F67-D538E9388EB3}.Release|x64.Build.0 = Release|x64
		{EED14378-C54B-52B9-A476-2582BAA8C6E1}.Debug|Any CPU.ActiveCfg = Debug|x64
		{EED14378-C54B-52B9-A476-2582BAA8C6E1}.Debug|x64.ActiveCfg = Debug|x64
		{EED14378-C54B-52B9-A476-2582BAA8C6E1}.Debug|x64.Build.0 = Debug|x64
		{EED14378-C54B-52B9-A476-2582BAA8C6E1}.Release|Any CPU.ActiveCfg = Release|x64
		{EED14378-C54B-52B9-A476-2582BAA8C6E1}.Release|x64.ActiveCfg = Release|x64
		{EED14378-C54B-52B9-A476-2582BAA8C6E1}.Release|x64.Build.0 = Release|x64
		{65897D7D-88BF-5CC2-9D17-07D79D9500F0}.Debug|Any CPU.ActiveCfg = Debug|x64
		{65897D7D-88BF-5CC2-9D17-07D79D9500F0}.Debug|x64.ActiveCfg = Debug|x64
		{65897D7D-88BF-5CC2-9D17-07D79D9500F0}.Debug|x64.Build.0 = Debug|x64
		{65897D7D-88BF-5CC2-9D17-07D79D9500F0}.Release|Any CPU.ActiveCfg = Release|x64
		{65897D7D-88BF-5CC2-9D17-07D79D9500F0}.Release|x64.ActiveCfg = Release|x64
		{65897D7D-88BF-5CC2-9D17-07D79D9500F0}.Release|x64.Build.0 = Release|x64
		{5B0390B8-7D17-5B7A-A2D7-DA33C2BF79F0}.Debug|Any CPU.ActiveCfg = Debug|x64
		{5B0390B8-7D17-5B7A-A2D7-DA33C2BF79F0}.Debug|x64.ActiveCfg = Debug|x64
		{5B0390B8-7D17-5B7A-A2D7-DA33C2BF79F0}.Debug|x64.Build.0 = Debug|x64
		{5B0390B8-7D17-5B7A-A2D7-DA33C2BF79F0}.Release|Any CPU.ActiveCfg = Release|x64
		{5B0390B8-7D17-5B7A-A2D7-DA33C2BF79F0}.Release|x64.ActiveCfg = Release|x64
		{5B0390B8-7D17-5B7A-A2D7-DA33C2BF79F0}.Release|x64.Build.0 = Release|x64
		{AD8B813D-EE36-509A-BACE-5E3295195692}.Debug|Any CPU.ActiveCfg = Debug|x64
		{AD8B813D-EE36-509A-BACE-5E3295195692}.Debug|x64.ActiveCfg = Debug|x64
		{AD8B813D-EE36-509A-BACE-5E3295195692}.Debug|x64.Build.0 = Debug|x64
		{AD8B813D-EE36-509A-BACE-5E3295195692}.Release|Any CPU.ActiveCfg = Release|x64
		{AD8B813D-EE36-509A-BACE-5E3295195692}.Release|x64.ActiveCfg = Release|x64
		{AD8B813D-EE36-509A-BACE-5E3295195692}.Release|x64.Build.0 = Release|x64
		{38DA7233-1807-5DC5-9C2B-5EC162CD8600}.Debug|Any CPU.ActiveCfg = Debug|Any CPU
		{38DA7233-1807-5DC5-9C2B-5EC162CD8600}.Debug|Any CPU.Build.0 = Debug|Any CPU
		{38DA7233-1807-5DC5-9C2B-5EC162CD8600}.Debug|x64.ActiveCfg = Debug|Any CPU
		{38DA7233-1807-5DC5-9C2B-5EC162CD8600}.Debug|x64.Build.0 = Debug|Any CPU
		{38DA7233-1807-5DC5-9C2B-5EC162CD8600}.Release|Any CPU.ActiveCfg = Release|Any CPU
		{38DA7233-1807-5DC5-9C2B-5EC162CD8600}.Release|Any CPU.Build.0 = Release|Any CPU
		{38DA7233-1807-5DC5-9C2B-5EC162CD8600}.Release|x64.ActiveCfg = Release|Any CPU
		{38DA7233-1807-5DC5-9C2B-5EC162CD8600}.Release|x64.Build.0 = Release|Any CPU
		{2E3D7908-3B22-5066-8D22-65C4142C2C3A}.Debug|Any CPU.ActiveCfg = Debug|x64
		{2E3D7908-3B22-5066-8D22-65C4142C2C3A}.Debug|x64.ActiveCfg = Debug|x64
		{2E3D7908-3B22-5066-8D22-65C4142C2C3A}.Debug|x64.Build.0 = Debug|x64
		{2E3D7908-3B22-5066-8D22-65C4142C2C3A}.Release|Any CPU.ActiveCfg = Release|x64
		{2E3D7908-3B22-5066-8D22-65C4142C2C3A}.Release|x64.ActiveCfg = Release|x64
		{2E3D7908-3B22-5066-8D22-65C4142C2C3A}.Release|x64.Build.0 = Release|x64
		{3B638CF4-8151-575B-9584-C5953DCAE9CE}.Debug|Any CPU.ActiveCfg = Debug|x64
		{3B638CF4-8151-575B-9584-C5953DCAE9CE}.Debug|x64.ActiveCfg = Debug|x64
		{3B638CF4-8151-575B-9584-C5953DCAE9CE}.Debug|x64.Build.0 = Debug|x64
		{3B638CF4-8151-575B-9584-C5953DCAE9CE}.Release|Any CPU.ActiveCfg = Release|x64
		{3B638CF4-8151-575B-9584-C5953DCAE9CE}.Release|x64.ActiveCfg = Release|x64
		{3B638CF4-8151-575B-9584-C5953DCAE9CE}.Release|x64.Build.0 = Release|x64
		{C977BC7D-F251-5171-8164-6E0871FDFBFA}.Debug|Any CPU.ActiveCfg = Debug|x64
		{C977BC7D-F251-5171-8164-6E0871FDFBFA}.Debug|x64.ActiveCfg = Debug|x64
		{C977BC7D-F251-5171-8164-6E0871FDFBFA}.Debug|x64.Build.0 = Debug|x64
		{C977BC7D-F251-5171-8164-6E0871FDFBFA}.Release|Any CPU.ActiveCfg = Release|x64
		{C977BC7D-F251-5171-8164-6E0871FDFBFA}.Release|x64.ActiveCfg = Release|x64
		{C977BC7D-F251-5171-8164-6E0871FDFBFA}.Release|x64.Build.0 = Release|x64
		{BB30376C-3E29-569C-93A6-4982CAF78C9D}.Debug|Any CPU.ActiveCfg = Debug|x64
		{BB30376C-3E29-569C-93A6-4982CAF78C9D}.Debug|x64.ActiveCfg = Debug|x64
		{BB30376C-3E29-569C-93A6-4982CAF78C9D}.Debug|x64.Build.0 = Debug|x64
		{BB30376C-3E29-569C-93A6-4982CAF78C9D}.Release|Any CPU.ActiveCfg = Release|x64
		{BB30376C-3E29-569C-93A6-4982CAF78C9D}.Release|x64.ActiveCfg = Release|x64
		{BB30376C-3E29-569C-93A6-4982CAF78C9D}.Release|x64.Build.0 = Release|x64
		{98C82821-EAF4-584C-B9B5-146A31A36B6F}.Debug|Any CPU.ActiveCfg = Debug|Any CPU
		{98C82821-EAF4-584C-B9B5-146A31A36B6F}.Debug|Any CPU.Build.0 = Debug|Any CPU
		{98C82821-EAF4-584C-B9B5-146A31A36B6F}.Debug|x64.ActiveCfg = Debug|Any CPU
		{98C82821-EAF4-584C-B9B5-146A31A36B6F}.Debug|x64.Build.0 = Debug|Any CPU
		{98C82821-EAF4-584C-B9B5-146A31A36B6F}.Release|Any CPU.ActiveCfg = Release|Any CPU
		{98C82821-EAF4-584C-B9B5-146A31A36B6F}.Release|Any CPU.Build.0 = Release|Any CPU
		{98C82821-EAF4-584C-B9B5-146A31A36B6F}.Release|x64.ActiveCfg = Release|Any CPU
		{98C82821-EAF4-584C-B9B5-146A31A36B6F}.Release|x64.Build.0 = Release|Any CPU
		{935245CA-3A4E-52A2-A269-2C388A93606E}.Debug|Any CPU.ActiveCfg = Debug|x64
		{935245CA-3A4E-52A2-A269-2C388A93606E}.Debug|x64.ActiveCfg = Debug|x64
		{935245CA-3A4E-52A2-A269-2C388A93606E}.Debug|x64.Build.0 = Debug|x64
		{935245CA-3A4E-52A2-A269-2C388A93606E}.Release|Any CPU.ActiveCfg = Release|x64
		{935245CA-3A4E-52A2-A269-2C388A93606E}.Release|x64.ActiveCfg = Release|x64
		{935245CA-3A4E-52A2-A269-2C388A93606E}.Release|x64.Build.0 = Release|x64
		{0CB72908-1FF3-5AB9-952F-59DA60B7B782}.Debug|Any CPU.ActiveCfg = Debug|x64
		{0CB72908-1FF3-5AB9-952F-59DA60B7B782}.Debug|x64.ActiveCfg = Debug|x64
		{0CB72908-1FF3-5AB9-952F-59DA60B7B782}.Debug|x64.Build.0 = Debug|x64
		{0CB72908-1FF3-5AB9-952F-59DA60B7B782}.Release|Any CPU.ActiveCfg = Release|x64
		{0CB72908-1FF3-5AB9-952F-59DA60B7B782}.Release|x64.ActiveCfg = Release|x64
		{0CB72908-1FF3-5AB9-952F-59DA60B7B782}.Release|x64.Build.0 = Release|x64
		{4F72EBAD-7B47-5980-B03C-E9690122F135}.Debug|Any CPU.ActiveCfg = Debug|x64
		{4F72EBAD-7B47-5980-B03C-E9690122F135}.Debug|x64.ActiveCfg = Debug|x64
		{4F72EBAD-7B47-5980-B03C-E9690122F135}.Debug|x64.Build.0 = Debug|x64
		{4F72EBAD-7B47-5980-B03C-E9690122F135}.Release|Any CPU.ActiveCfg = Release|x64
		{4F72EBAD-7B47-5980-B03C-E9690122F135}.Release|x64.ActiveCfg = Release|x64
		{4F72EBAD-7B47-5980-B03C-E9690122F135}.Release|x64.Build.0 = Release|x64
	EndGlobalSection
	GlobalSection(SolutionProperties) = preSolution
		HideSolutionNode = FALSE
	EndGlobalSection
EndGlobal
